// !$*UTF8*$!
{
	archiveVersion = 1;
	classes = {
	};
	objectVersion = 46;
	objects = {

/* Begin PBXBuildFile section */
		29DBA2A21A23456D002FB30B /* main.cpp in Sources */ = {isa = PBXBuildFile; fileRef = 29DBA2A11A23456D002FB30B /* main.cpp */; };
		29DBA2A91A2345A7002FB30B /* Reverse_Integer.cpp in Sources */ = {isa = PBXBuildFile; fileRef = 29DBA2A81A2345A7002FB30B /* Reverse_Integer.cpp */; };
		29DBA2AB1A242139002FB30B /* sqrt_x.cpp in Sources */ = {isa = PBXBuildFile; fileRef = 29DBA2AA1A242139002FB30B /* sqrt_x.cpp */; };
		29DBA2AD1A242A2B002FB30B /* PlusOne.cpp in Sources */ = {isa = PBXBuildFile; fileRef = 29DBA2AC1A242A2B002FB30B /* PlusOne.cpp */; };
		29DBA2B01A242A4D002FB30B /* AddBinary.cpp in Sources */ = {isa = PBXBuildFile; fileRef = 29DBA2AE1A242A4D002FB30B /* AddBinary.cpp */; };
		29DBA2B21A242A65002FB30B /* Length_of_LastWord.cpp in Sources */ = {isa = PBXBuildFile; fileRef = 29DBA2B11A242A65002FB30B /* Length_of_LastWord.cpp */; };
		29DBA2B51A242A94002FB30B /* MergeTwoSortedLists.cpp in Sources */ = {isa = PBXBuildFile; fileRef = 29DBA2B31A242A94002FB30B /* MergeTwoSortedLists.cpp */; };
		29DBA2B71A242AAD002FB30B /* MinStack.cpp in Sources */ = {isa = PBXBuildFile; fileRef = 29DBA2B61A242AAD002FB30B /* MinStack.cpp */; };
		29DBA2B91A242AC2002FB30B /* Count_and_Say.cpp in Sources */ = {isa = PBXBuildFile; fileRef = 29DBA2B81A242AC2002FB30B /* Count_and_Say.cpp */; };
		29DBA2BB1A242AE1002FB30B /* RemoveElement.cpp in Sources */ = {isa = PBXBuildFile; fileRef = 29DBA2BA1A242AE1002FB30B /* RemoveElement.cpp */; };
		29DBA2BF1A25D6AE002FB30B /* Binary_Tree_Level_Order_Traversal.cpp in Sources */ = {isa = PBXBuildFile; fileRef = 29DBA2BE1A25D6AE002FB30B /* Binary_Tree_Level_Order_Traversal.cpp */; };
		29DBA2C11A25D76B002FB30B /* zigzag-conversion.cpp in Sources */ = {isa = PBXBuildFile; fileRef = 29DBA2C01A25D76B002FB30B /* zigzag-conversion.cpp */; };
		29DBA2C31A25D7B6002FB30B /* string-to-integer-atoi.cpp in Sources */ = {isa = PBXBuildFile; fileRef = 29DBA2C21A25D7B6002FB30B /* string-to-integer-atoi.cpp */; };
		29DBA2C51A25D7E2002FB30B /* palindrome-number.cpp in Sources */ = {isa = PBXBuildFile; fileRef = 29DBA2C41A25D7E2002FB30B /* palindrome-number.cpp */; };
		29DBA2C71A25D834002FB30B /* roman-to-integer.cpp in Sources */ = {isa = PBXBuildFile; fileRef = 29DBA2C61A25D834002FB30B /* roman-to-integer.cpp */; };
		29DBA2C91A25D851002FB30B /* valid-palindrome.cpp in Sources */ = {isa = PBXBuildFile; fileRef = 29DBA2C81A25D851002FB30B /* valid-palindrome.cpp */; };
		29DBA2CB1A25D86E002FB30B /* longest-common-prefix.cpp in Sources */ = {isa = PBXBuildFile; fileRef = 29DBA2CA1A25D86E002FB30B /* longest-common-prefix.cpp */; };
		29DBA2CD1A25D88E002FB30B /* pascals-triangle-ii.cpp in Sources */ = {isa = PBXBuildFile; fileRef = 29DBA2CC1A25D88E002FB30B /* pascals-triangle-ii.cpp */; };
		29DBA2CF1A25D8B4002FB30B /* pascals-triangle.cpp in Sources */ = {isa = PBXBuildFile; fileRef = 29DBA2CE1A25D8B4002FB30B /* pascals-triangle.cpp */; };
		29DBA2D11A25D8E2002FB30B /* path-sum.cpp in Sources */ = {isa = PBXBuildFile; fileRef = 29DBA2D01A25D8E2002FB30B /* path-sum.cpp */; };
		29DBA2D31A25D909002FB30B /* minimum-depth-of-binary-tree.cpp in Sources */ = {isa = PBXBuildFile; fileRef = 29DBA2D21A25D909002FB30B /* minimum-depth-of-binary-tree.cpp */; };
		29DBA2D51A25D929002FB30B /* balanced-binary-tree.cpp in Sources */ = {isa = PBXBuildFile; fileRef = 29DBA2D41A25D929002FB30B /* balanced-binary-tree.cpp */; };
/* End PBXBuildFile section */

/* Begin PBXCopyFilesBuildPhase section */
		29DBA29C1A23456D002FB30B /* CopyFiles */ = {
			isa = PBXCopyFilesBuildPhase;
			buildActionMask = 2147483647;
			dstPath = /usr/share/man/man1/;
			dstSubfolderSpec = 0;
			files = (
			);
			runOnlyForDeploymentPostprocessing = 1;
		};
/* End PBXCopyFilesBuildPhase section */

/* Begin PBXFileReference section */
		29DBA29E1A23456D002FB30B /* LTcode */ = {isa = PBXFileReference; explicitFileType = "compiled.mach-o.executable"; includeInIndex = 0; path = LTcode; sourceTree = BUILT_PRODUCTS_DIR; };
		29DBA2A11A23456D002FB30B /* main.cpp */ = {isa = PBXFileReference; lastKnownFileType = sourcecode.cpp.cpp; path = main.cpp; sourceTree = "<group>"; };
		29DBA2A81A2345A7002FB30B /* Reverse_Integer.cpp */ = {isa = PBXFileReference; fileEncoding = 4; lastKnownFileType = sourcecode.cpp.cpp; path = Reverse_Integer.cpp; sourceTree = "<group>"; };
		29DBA2AA1A242139002FB30B /* sqrt_x.cpp */ = {isa = PBXFileReference; fileEncoding = 4; lastKnownFileType = sourcecode.cpp.cpp; path = sqrt_x.cpp; sourceTree = "<group>"; };
		29DBA2AC1A242A2B002FB30B /* PlusOne.cpp */ = {isa = PBXFileReference; fileEncoding = 4; lastKnownFileType = sourcecode.cpp.cpp; path = PlusOne.cpp; sourceTree = "<group>"; };
		29DBA2AE1A242A4D002FB30B /* AddBinary.cpp */ = {isa = PBXFileReference; fileEncoding = 4; lastKnownFileType = sourcecode.cpp.cpp; path = AddBinary.cpp; sourceTree = "<group>"; };
		29DBA2B11A242A65002FB30B /* Length_of_LastWord.cpp */ = {isa = PBXFileReference; fileEncoding = 4; lastKnownFileType = sourcecode.cpp.cpp; path = Length_of_LastWord.cpp; sourceTree = "<group>"; };
		29DBA2B31A242A94002FB30B /* MergeTwoSortedLists.cpp */ = {isa = PBXFileReference; fileEncoding = 4; lastKnownFileType = sourcecode.cpp.cpp; path = MergeTwoSortedLists.cpp; sourceTree = "<group>"; };
		29DBA2B61A242AAD002FB30B /* MinStack.cpp */ = {isa = PBXFileReference; fileEncoding = 4; lastKnownFileType = sourcecode.cpp.cpp; path = MinStack.cpp; sourceTree = "<group>"; };
		29DBA2B81A242AC2002FB30B /* Count_and_Say.cpp */ = {isa = PBXFileReference; fileEncoding = 4; lastKnownFileType = sourcecode.cpp.cpp; path = Count_and_Say.cpp; sourceTree = "<group>"; };
		29DBA2BA1A242AE1002FB30B /* RemoveElement.cpp */ = {isa = PBXFileReference; fileEncoding = 4; lastKnownFileType = sourcecode.cpp.cpp; path = RemoveElement.cpp; sourceTree = "<group>"; };
		29DBA2BE1A25D6AE002FB30B /* Binary_Tree_Level_Order_Traversal.cpp */ = {isa = PBXFileReference; fileEncoding = 4; lastKnownFileType = sourcecode.cpp.cpp; path = Binary_Tree_Level_Order_Traversal.cpp; sourceTree = "<group>"; };
		29DBA2C01A25D76B002FB30B /* zigzag-conversion.cpp */ = {isa = PBXFileReference; fileEncoding = 4; lastKnownFileType = sourcecode.cpp.cpp; path = "zigzag-conversion.cpp"; sourceTree = "<group>"; };
		29DBA2C21A25D7B6002FB30B /* string-to-integer-atoi.cpp */ = {isa = PBXFileReference; fileEncoding = 4; lastKnownFileType = sourcecode.cpp.cpp; path = "string-to-integer-atoi.cpp"; sourceTree = "<group>"; };
		29DBA2C41A25D7E2002FB30B /* palindrome-number.cpp */ = {isa = PBXFileReference; fileEncoding = 4; lastKnownFileType = sourcecode.cpp.cpp; path = "palindrome-number.cpp"; sourceTree = "<group>"; };
		29DBA2C61A25D834002FB30B /* roman-to-integer.cpp */ = {isa = PBXFileReference; fileEncoding = 4; lastKnownFileType = sourcecode.cpp.cpp; path = "roman-to-integer.cpp"; sourceTree = "<group>"; };
		29DBA2C81A25D851002FB30B /* valid-palindrome.cpp */ = {isa = PBXFileReference; fileEncoding = 4; lastKnownFileType = sourcecode.cpp.cpp; path = "valid-palindrome.cpp"; sourceTree = "<group>"; };
		29DBA2CA1A25D86E002FB30B /* longest-common-prefix.cpp */ = {isa = PBXFileReference; fileEncoding = 4; lastKnownFileType = sourcecode.cpp.cpp; path = "longest-common-prefix.cpp"; sourceTree = "<group>"; };
		29DBA2CC1A25D88E002FB30B /* pascals-triangle-ii.cpp */ = {isa = PBXFileReference; fileEncoding = 4; lastKnownFileType = sourcecode.cpp.cpp; path = "pascals-triangle-ii.cpp"; sourceTree = "<group>"; };
		29DBA2CE1A25D8B4002FB30B /* pascals-triangle.cpp */ = {isa = PBXFileReference; fileEncoding = 4; lastKnownFileType = sourcecode.cpp.cpp; path = "pascals-triangle.cpp"; sourceTree = "<group>"; };
		29DBA2D01A25D8E2002FB30B /* path-sum.cpp */ = {isa = PBXFileReference; fileEncoding = 4; lastKnownFileType = sourcecode.cpp.cpp; name = "path-sum.cpp"; path = "problems/path-sum.cpp"; sourceTree = "<group>"; };
		29DBA2D21A25D909002FB30B /* minimum-depth-of-binary-tree.cpp */ = {isa = PBXFileReference; fileEncoding = 4; lastKnownFileType = sourcecode.cpp.cpp; path = "minimum-depth-of-binary-tree.cpp"; sourceTree = "<group>"; };
		29DBA2D41A25D929002FB30B /* balanced-binary-tree.cpp */ = {isa = PBXFileReference; fileEncoding = 4; lastKnownFileType = sourcecode.cpp.cpp; path = "balanced-binary-tree.cpp"; sourceTree = "<group>"; };
/* End PBXFileReference section */

/* Begin PBXFrameworksBuildPhase section */
		29DBA29B1A23456D002FB30B /* Frameworks */ = {
			isa = PBXFrameworksBuildPhase;
			buildActionMask = 2147483647;
			files = (
			);
			runOnlyForDeploymentPostprocessing = 0;
		};
/* End PBXFrameworksBuildPhase section */

/* Begin PBXGroup section */
		29DBA2951A23456C002FB30B = {
			isa = PBXGroup;
			children = (
				29DBA2A01A23456D002FB30B /* LTcode */,
				29DBA29F1A23456D002FB30B /* Products */,
			);
			sourceTree = "<group>";
		};
		29DBA29F1A23456D002FB30B /* Products */ = {
			isa = PBXGroup;
			children = (
				29DBA29E1A23456D002FB30B /* LTcode */,
			);
			name = Products;
			sourceTree = "<group>";
		};
		29DBA2A01A23456D002FB30B /* LTcode */ = {
			isa = PBXGroup;
			children = (
				29DBA2A11A23456D002FB30B /* main.cpp */,
				29DBA2A81A2345A7002FB30B /* Reverse_Integer.cpp */,
				29DBA2AA1A242139002FB30B /* sqrt_x.cpp */,
				29DBA2AC1A242A2B002FB30B /* PlusOne.cpp */,
				29DBA2AE1A242A4D002FB30B /* AddBinary.cpp */,
				29DBA2B11A242A65002FB30B /* Length_of_LastWord.cpp */,
				29DBA2B31A242A94002FB30B /* MergeTwoSortedLists.cpp */,
				29DBA2B61A242AAD002FB30B /* MinStack.cpp */,
				29DBA2B81A242AC2002FB30B /* Count_and_Say.cpp */,
				29DBA2BA1A242AE1002FB30B /* RemoveElement.cpp */,
				29DBA2C01A25D76B002FB30B /* zigzag-conversion.cpp */,
				29DBA2C21A25D7B6002FB30B /* string-to-integer-atoi.cpp */,
				29DBA2C41A25D7E2002FB30B /* palindrome-number.cpp */,
				29DBA2C61A25D834002FB30B /* roman-to-integer.cpp */,
				29DBA2C81A25D851002FB30B /* valid-palindrome.cpp */,
				29DBA2CA1A25D86E002FB30B /* longest-common-prefix.cpp */,
				29DBA2CC1A25D88E002FB30B /* pascals-triangle-ii.cpp */,
				29DBA2CE1A25D8B4002FB30B /* pascals-triangle.cpp */,
				29DBA2BE1A25D6AE002FB30B /* Binary_Tree_Level_Order_Traversal.cpp */,
				29DBA2D01A25D8E2002FB30B /* path-sum.cpp */,
				29DBA2D21A25D909002FB30B /* minimum-depth-of-binary-tree.cpp */,
				29DBA2D41A25D929002FB30B /* balanced-binary-tree.cpp */,
			);
			path = LTcode;
			sourceTree = "<group>";
		};
/* End PBXGroup section */

/* Begin PBXNativeTarget section */
		29DBA29D1A23456D002FB30B /* LTcode */ = {
			isa = PBXNativeTarget;
			buildConfigurationList = 29DBA2A51A23456D002FB30B /* Build configuration list for PBXNativeTarget "LTcode" */;
			buildPhases = (
				29DBA29A1A23456D002FB30B /* Sources */,
				29DBA29B1A23456D002FB30B /* Frameworks */,
				29DBA29C1A23456D002FB30B /* CopyFiles */,
			);
			buildRules = (
			);
			dependencies = (
			);
			name = LTcode;
			productName = LTcode;
			productReference = 29DBA29E1A23456D002FB30B /* LTcode */;
			productType = "com.apple.product-type.tool";
		};
/* End PBXNativeTarget section */

/* Begin PBXProject section */
		29DBA2961A23456C002FB30B /* Project object */ = {
			isa = PBXProject;
			attributes = {
				LastUpgradeCheck = 0610;
				ORGANIZATIONNAME = cloudayc;
				TargetAttributes = {
					29DBA29D1A23456D002FB30B = {
						CreatedOnToolsVersion = 6.1;
					};
				};
			};
			buildConfigurationList = 29DBA2991A23456C002FB30B /* Build configuration list for PBXProject "LTcode" */;
			compatibilityVersion = "Xcode 3.2";
			developmentRegion = English;
			hasScannedForEncodings = 0;
			knownRegions = (
				en,
			);
			mainGroup = 29DBA2951A23456C002FB30B;
			productRefGroup = 29DBA29F1A23456D002FB30B /* Products */;
			projectDirPath = "";
			projectRoot = "";
			targets = (
				29DBA29D1A23456D002FB30B /* LTcode */,
			);
		};
/* End PBXProject section */

/* Begin PBXSourcesBuildPhase section */
		29DBA29A1A23456D002FB30B /* Sources */ = {
			isa = PBXSourcesBuildPhase;
			buildActionMask = 2147483647;
			files = (
				29DBA2B51A242A94002FB30B /* MergeTwoSortedLists.cpp in Sources */,
				29DBA2B21A242A65002FB30B /* Length_of_LastWord.cpp in Sources */,
				29DBA2A21A23456D002FB30B /* main.cpp in Sources */,
				29DBA2BF1A25D6AE002FB30B /* Binary_Tree_Level_Order_Traversal.cpp in Sources */,
				29DBA2D11A25D8E2002FB30B /* path-sum.cpp in Sources */,
				29DBA2B01A242A4D002FB30B /* AddBinary.cpp in Sources */,
				29DBA2C11A25D76B002FB30B /* zigzag-conversion.cpp in Sources */,
				29DBA2C31A25D7B6002FB30B /* string-to-integer-atoi.cpp in Sources */,
				29DBA2CF1A25D8B4002FB30B /* pascals-triangle.cpp in Sources */,
				29DBA2CD1A25D88E002FB30B /* pascals-triangle-ii.cpp in Sources */,
				29DBA2BB1A242AE1002FB30B /* RemoveElement.cpp in Sources */,
				29DBA2A91A2345A7002FB30B /* Reverse_Integer.cpp in Sources */,
				29DBA2C51A25D7E2002FB30B /* palindrome-number.cpp in Sources */,
				29DBA2AD1A242A2B002FB30B /* PlusOne.cpp in Sources */,
				29DBA2B91A242AC2002FB30B /* Count_and_Say.cpp in Sources */,
				29DBA2AB1A242139002FB30B /* sqrt_x.cpp in Sources */,
				29DBA2D31A25D909002FB30B /* minimum-depth-of-binary-tree.cpp in Sources */,
				29DBA2C91A25D851002FB30B /* valid-palindrome.cpp in Sources */,
				29DBA2D51A25D929002FB30B /* balanced-binary-tree.cpp in Sources */,
				29DBA2CB1A25D86E002FB30B /* longest-common-prefix.cpp in Sources */,
				29DBA2B71A242AAD002FB30B /* MinStack.cpp in Sources */,
				29DBA2C71A25D834002FB30B /* roman-to-integer.cpp in Sources */,
			);
			runOnlyForDeploymentPostprocessing = 0;
		};
/* End PBXSourcesBuildPhase section */

/* Begin XCBuildConfiguration section */
		29DBA2A31A23456D002FB30B /* Debug */ = {
			isa = XCBuildConfiguration;
			buildSettings = {
				ALWAYS_SEARCH_USER_PATHS = NO;
				CLANG_CXX_LANGUAGE_STANDARD = "gnu++0x";
				CLANG_CXX_LIBRARY = "libc++";
				CLANG_ENABLE_MODULES = YES;
				CLANG_ENABLE_OBJC_ARC = YES;
				CLANG_WARN_BOOL_CONVERSION = YES;
				CLANG_WARN_CONSTANT_CONVERSION = YES;
				CLANG_WARN_DIRECT_OBJC_ISA_USAGE = YES_ERROR;
				CLANG_WARN_EMPTY_BODY = YES;
				CLANG_WARN_ENUM_CONVERSION = YES;
				CLANG_WARN_INT_CONVERSION = YES;
				CLANG_WARN_OBJC_ROOT_CLASS = YES_ERROR;
				CLANG_WARN_UNREACHABLE_CODE = YES;
				CLANG_WARN__DUPLICATE_METHOD_MATCH = YES;
				COPY_PHASE_STRIP = NO;
				ENABLE_STRICT_OBJC_MSGSEND = YES;
				GCC_C_LANGUAGE_STANDARD = gnu99;
				GCC_DYNAMIC_NO_PIC = NO;
				GCC_OPTIMIZATION_LEVEL = 0;
				GCC_PREPROCESSOR_DEFINITIONS = (
					"DEBUG=1",
					"$(inherited)",
				);
				GCC_SYMBOLS_PRIVATE_EXTERN = NO;
				GCC_WARN_64_TO_32_BIT_CONVERSION = YES;
				GCC_WARN_ABOUT_RETURN_TYPE = YES_ERROR;
				GCC_WARN_UNDECLARED_SELECTOR = YES;
				GCC_WARN_UNINITIALIZED_AUTOS = YES_AGGRESSIVE;
				GCC_WARN_UNUSED_FUNCTION = YES;
				GCC_WARN_UNUSED_VARIABLE = YES;
				MACOSX_DEPLOYMENT_TARGET = 10.10;
				MTL_ENABLE_DEBUG_INFO = YES;
				ONLY_ACTIVE_ARCH = YES;
				SDKROOT = macosx;
			};
			name = Debug;
		};
		29DBA2A41A23456D002FB30B /* Release */ = {
			isa = XCBuildConfiguration;
			buildSettings = {
				ALWAYS_SEARCH_USER_PATHS = NO;
				CLANG_CXX_LANGUAGE_STANDARD = "gnu++0x";
				CLANG_CXX_LIBRARY = "libc++";
				CLANG_ENABLE_MODULES = YES;
				CLANG_ENABLE_OBJC_ARC = YES;
				CLANG_WARN_BOOL_CONVERSION = YES;
				CLANG_WARN_CONSTANT_CONVERSION = YES;
				CLANG_WARN_DIRECT_OBJC_ISA_USAGE = YES_ERROR;
				CLANG_WARN_EMPTY_BODY = YES;
				CLANG_WARN_ENUM_CONVERSION = YES;
				CLANG_WARN_INT_CONVERSION = YES;
				CLANG_WARN_OBJC_ROOT_CLASS = YES_ERROR;
				CLANG_WARN_UNREACHABLE_CODE = YES;
				CLANG_WARN__DUPLICATE_METHOD_MATCH = YES;
				COPY_PHASE_STRIP = YES;
				DEBUG_INFORMATION_FORMAT = "dwarf-with-dsym";
				ENABLE_NS_ASSERTIONS = NO;
				ENABLE_STRICT_OBJC_MSGSEND = YES;
				GCC_C_LANGUAGE_STANDARD = gnu99;
				GCC_WARN_64_TO_32_BIT_CONVERSION = YES;
				GCC_WARN_ABOUT_RETURN_TYPE = YES_ERROR;
				GCC_WARN_UNDECLARED_SELECTOR = YES;
				GCC_WARN_UNINITIALIZED_AUTOS = YES_AGGRESSIVE;
				GCC_WARN_UNUSED_FUNCTION = YES;
				GCC_WARN_UNUSED_VARIABLE = YES;
				MACOSX_DEPLOYMENT_TARGET = 10.10;
				MTL_ENABLE_DEBUG_INFO = NO;
				SDKROOT = macosx;
			};
			name = Release;
		};
		29DBA2A61A23456D002FB30B /* Debug */ = {
			isa = XCBuildConfiguration;
			buildSettings = {
				PRODUCT_NAME = "$(TARGET_NAME)";
			};
			name = Debug;
		};
		29DBA2A71A23456D002FB30B /* Release */ = {
			isa = XCBuildConfiguration;
			buildSettings = {
				PRODUCT_NAME = "$(TARGET_NAME)";
			};
			name = Release;
		};
/* End XCBuildConfiguration section */

/* Begin XCConfigurationList section */
		29DBA2991A23456C002FB30B /* Build configuration list for PBXProject "LTcode" */ = {
			isa = XCConfigurationList;
			buildConfigurations = (
				29DBA2A31A23456D002FB30B /* Debug */,
				29DBA2A41A23456D002FB30B /* Release */,
			);
			defaultConfigurationIsVisible = 0;
			defaultConfigurationName = Release;
		};
		29DBA2A51A23456D002FB30B /* Build configuration list for PBXNativeTarget "LTcode" */ = {
			isa = XCConfigurationList;
			buildConfigurations = (
				29DBA2A61A23456D002FB30B /* Debug */,
				29DBA2A71A23456D002FB30B /* Release */,
			);
			defaultConfigurationIsVisible = 0;
			defaultConfigurationName = Release;
		};
/* End XCConfigurationList section */
	};
	rootObject = 29DBA2961A23456C002FB30B /* Project object */;
}
